
Microsoft Visual Studio Solution File, Format Version 12.00
# Visual Studio 15
VisualStudioVersion = 15.0.27428.2005
MinimumVisualStudioVersion = 10.0.40219.1
Project("{FAE04EC0-301F-11D3-BF4B-00C04F79EFBC}") = "JukeBoxAssignmentv1.1", "JukeBoxAssignmentv1.1\JukeBoxAssignmentv1.1.csproj", "{F43F8865-D0E2-4A01-A3AD-52F8A97BEF85}"
EndProject
Global
	GlobalSection(SolutionConfigurationPlatforms) = preSolution
		Debug|Any CPU = Debug|Any CPU
		Release|Any CPU = Release|Any CPU
	EndGlobalSection
	GlobalSection(ProjectConfigurationPlatforms) = postSolution
		{F43F8865-D0E2-4A01-A3AD-52F8A97BEF85}.Debug|Any CPU.ActiveCfg = Debug|Any CPU
		{F43F8865-D0E2-4A01-A3AD-52F8A97BEF85}.Debug|Any CPU.Build.0 = Debug|Any CPU
		{F43F8865-D0E2-4A01-A3AD-52F8A97BEF85}.Release|Any CPU.ActiveCfg = Release|Any CPU
		{F43F8865-D0E2-4A01-A3AD-52F8A97BEF85}.Release|Any CPU.Build.0 = Release|Any CPU
	EndGlobalSection
	GlobalSection(SolutionProperties) = preSolution
		HideSolutionNode = FALSE
	EndGlobalSection
	GlobalSection(ExtensibilityGlobals) = postSolution
		SolutionGuid = {E9242478-58FE-4980-9A5D-DB8C89076DE6}
	EndGlobalSection
EndGlobal
